
Microsoft Visual Studio Solution File, Format Version 12.00
# Visual Studio 15
VisualStudioVersion = 15.0.26430.13
MinimumVisualStudioVersion = 10.0.40219.1
Project("{FAE04EC0-301F-11D3-BF4B-00C04F79EFBC}") = "Link", "Link\Link.csproj", "{99C9A376-9197-4226-B907-32E206015A73}"
EndProject
Project("{FAE04EC0-301F-11D3-BF4B-00C04F79EFBC}") = "List", "List\List.csproj", "{AE849758-A6B7-4AE0-AE55-F9D0355DC8B6}"
EndProject
Project("{2150E333-8FDC-42A3-9474-1A3956D46DE8}") = "Programs", "Programs", "{C77F8566-049B-4980-B336-DD821C8371E4}"
EndProject
Project("{FAE04EC0-301F-11D3-BF4B-00C04F79EFBC}") = "ListProgram", "ListProgram\ListProgram.csproj", "{003B1A8B-BDAE-42C2-B4BA-4CC8FC76B54C}"
EndProject
Project("{FAE04EC0-301F-11D3-BF4B-00C04F79EFBC}") = "Stack", "Stack\Stack.csproj", "{2C2CEBA5-1B1B-4789-BDF0-55B1FC646E8B}"
EndProject
Project("{FAE04EC0-301F-11D3-BF4B-00C04F79EFBC}") = "Hanoi", "Hanoi\Hanoi.csproj", "{E58A14DB-452C-4BA8-956F-C7B318510AF5}"
EndProject
Project("{FAE04EC0-301F-11D3-BF4B-00C04F79EFBC}") = "Queue", "Queue\Queue.csproj", "{04158B2F-ADA6-472D-B094-91173C57BA81}"
EndProject
Project("{FAE04EC0-301F-11D3-BF4B-00C04F79EFBC}") = "Dictionary", "Dictionary\Dictionary.csproj", "{BA4BAA7A-521E-4FF7-800F-EE3677E3CA60}"
EndProject
Project("{FAE04EC0-301F-11D3-BF4B-00C04F79EFBC}") = "BinarySearchTree", "BinarySearchTree\BinarySearchTree.csproj", "{E6C8A4D5-2A12-4DB9-84E9-F1392CFE1960}"
EndProject
Project("{FAE04EC0-301F-11D3-BF4B-00C04F79EFBC}") = "BTreeTraversal", "BTreeTraversal\BTreeTraversal.csproj", "{CC518D1C-7537-46CF-B970-41C39D1604F3}"
EndProject
Project("{FAE04EC0-301F-11D3-BF4B-00C04F79EFBC}") = "BST Operations", "BST Operations\BST Operations.csproj", "{800E457A-DB05-44B1-9BED-5E312BFF5042}"
EndProject
Project("{FAE04EC0-301F-11D3-BF4B-00C04F79EFBC}") = "Utilities", "Utilities\Utilities.csproj", "{3D1FEF57-8439-4BCD-BAA2-F567A0DFCB1A}"
EndProject
Project("{FAE04EC0-301F-11D3-BF4B-00C04F79EFBC}") = "Heap", "Heap\Heap.csproj", "{CA9A0B1E-86DA-4C4E-876E-89E919285A8D}"
EndProject
Project("{FAE04EC0-301F-11D3-BF4B-00C04F79EFBC}") = "Heap Operations", "Heap Operations\Heap Operations.csproj", "{66850596-4D8F-43BC-956C-F961AF8255A7}"
EndProject
Project("{FAE04EC0-301F-11D3-BF4B-00C04F79EFBC}") = "Huffman", "Huffman\Huffman.csproj", "{A5D6DA97-49CC-4131-BD54-5D99A6751442}"
EndProject
Project("{FAE04EC0-301F-11D3-BF4B-00C04F79EFBC}") = "Huffman Tree Construction", "Huffman Tree Construction\Huffman Tree Construction.csproj", "{37887E1D-F55F-45DE-BF44-407F9CAB039D}"
EndProject
Global
	GlobalSection(SolutionConfigurationPlatforms) = preSolution
		Debug|Any CPU = Debug|Any CPU
		Release|Any CPU = Release|Any CPU
	EndGlobalSection
	GlobalSection(ProjectConfigurationPlatforms) = postSolution
		{99C9A376-9197-4226-B907-32E206015A73}.Debug|Any CPU.ActiveCfg = Debug|Any CPU
		{99C9A376-9197-4226-B907-32E206015A73}.Debug|Any CPU.Build.0 = Debug|Any CPU
		{99C9A376-9197-4226-B907-32E206015A73}.Release|Any CPU.ActiveCfg = Release|Any CPU
		{99C9A376-9197-4226-B907-32E206015A73}.Release|Any CPU.Build.0 = Release|Any CPU
		{AE849758-A6B7-4AE0-AE55-F9D0355DC8B6}.Debug|Any CPU.ActiveCfg = Debug|Any CPU
		{AE849758-A6B7-4AE0-AE55-F9D0355DC8B6}.Debug|Any CPU.Build.0 = Debug|Any CPU
		{AE849758-A6B7-4AE0-AE55-F9D0355DC8B6}.Release|Any CPU.ActiveCfg = Release|Any CPU
		{AE849758-A6B7-4AE0-AE55-F9D0355DC8B6}.Release|Any CPU.Build.0 = Release|Any CPU
		{003B1A8B-BDAE-42C2-B4BA-4CC8FC76B54C}.Debug|Any CPU.ActiveCfg = Debug|Any CPU
		{003B1A8B-BDAE-42C2-B4BA-4CC8FC76B54C}.Debug|Any CPU.Build.0 = Debug|Any CPU
		{003B1A8B-BDAE-42C2-B4BA-4CC8FC76B54C}.Release|Any CPU.ActiveCfg = Release|Any CPU
		{003B1A8B-BDAE-42C2-B4BA-4CC8FC76B54C}.Release|Any CPU.Build.0 = Release|Any CPU
		{2C2CEBA5-1B1B-4789-BDF0-55B1FC646E8B}.Debug|Any CPU.ActiveCfg = Debug|Any CPU
		{2C2CEBA5-1B1B-4789-BDF0-55B1FC646E8B}.Debug|Any CPU.Build.0 = Debug|Any CPU
		{2C2CEBA5-1B1B-4789-BDF0-55B1FC646E8B}.Release|Any CPU.ActiveCfg = Release|Any CPU
		{2C2CEBA5-1B1B-4789-BDF0-55B1FC646E8B}.Release|Any CPU.Build.0 = Release|Any CPU
		{E58A14DB-452C-4BA8-956F-C7B318510AF5}.Debug|Any CPU.ActiveCfg = Debug|Any CPU
		{E58A14DB-452C-4BA8-956F-C7B318510AF5}.Debug|Any CPU.Build.0 = Debug|Any CPU
		{E58A14DB-452C-4BA8-956F-C7B318510AF5}.Release|Any CPU.ActiveCfg = Release|Any CPU
		{E58A14DB-452C-4BA8-956F-C7B318510AF5}.Release|Any CPU.Build.0 = Release|Any CPU
		{04158B2F-ADA6-472D-B094-91173C57BA81}.Debug|Any CPU.ActiveCfg = Debug|Any CPU
		{04158B2F-ADA6-472D-B094-91173C57BA81}.Debug|Any CPU.Build.0 = Debug|Any CPU
		{04158B2F-ADA6-472D-B094-91173C57BA81}.Release|Any CPU.ActiveCfg = Release|Any CPU
		{04158B2F-ADA6-472D-B094-91173C57BA81}.Release|Any CPU.Build.0 = Release|Any CPU
		{BA4BAA7A-521E-4FF7-800F-EE3677E3CA60}.Debug|Any CPU.ActiveCfg = Debug|Any CPU
		{BA4BAA7A-521E-4FF7-800F-EE3677E3CA60}.Debug|Any CPU.Build.0 = Debug|Any CPU
		{BA4BAA7A-521E-4FF7-800F-EE3677E3CA60}.Release|Any CPU.ActiveCfg = Release|Any CPU
		{BA4BAA7A-521E-4FF7-800F-EE3677E3CA60}.Release|Any CPU.Build.0 = Release|Any CPU
		{E6C8A4D5-2A12-4DB9-84E9-F1392CFE1960}.Debug|Any CPU.ActiveCfg = Debug|Any CPU
		{E6C8A4D5-2A12-4DB9-84E9-F1392CFE1960}.Debug|Any CPU.Build.0 = Debug|Any CPU
		{E6C8A4D5-2A12-4DB9-84E9-F1392CFE1960}.Release|Any CPU.ActiveCfg = Release|Any CPU
		{E6C8A4D5-2A12-4DB9-84E9-F1392CFE1960}.Release|Any CPU.Build.0 = Release|Any CPU
		{CC518D1C-7537-46CF-B970-41C39D1604F3}.Debug|Any CPU.ActiveCfg = Debug|Any CPU
		{CC518D1C-7537-46CF-B970-41C39D1604F3}.Debug|Any CPU.Build.0 = Debug|Any CPU
		{CC518D1C-7537-46CF-B970-41C39D1604F3}.Release|Any CPU.ActiveCfg = Release|Any CPU
		{CC518D1C-7537-46CF-B970-41C39D1604F3}.Release|Any CPU.Build.0 = Release|Any CPU
		{800E457A-DB05-44B1-9BED-5E312BFF5042}.Debug|Any CPU.ActiveCfg = Debug|Any CPU
		{800E457A-DB05-44B1-9BED-5E312BFF5042}.Debug|Any CPU.Build.0 = Debug|Any CPU
		{800E457A-DB05-44B1-9BED-5E312BFF5042}.Release|Any CPU.ActiveCfg = Release|Any CPU
		{800E457A-DB05-44B1-9BED-5E312BFF5042}.Release|Any CPU.Build.0 = Release|Any CPU
		{3D1FEF57-8439-4BCD-BAA2-F567A0DFCB1A}.Debug|Any CPU.ActiveCfg = Debug|Any CPU
		{3D1FEF57-8439-4BCD-BAA2-F567A0DFCB1A}.Debug|Any CPU.Build.0 = Debug|Any CPU
		{3D1FEF57-8439-4BCD-BAA2-F567A0DFCB1A}.Release|Any CPU.ActiveCfg = Release|Any CPU
		{3D1FEF57-8439-4BCD-BAA2-F567A0DFCB1A}.Release|Any CPU.Build.0 = Release|Any CPU
		{CA9A0B1E-86DA-4C4E-876E-89E919285A8D}.Debug|Any CPU.ActiveCfg = Debug|Any CPU
		{CA9A0B1E-86DA-4C4E-876E-89E919285A8D}.Debug|Any CPU.Build.0 = Debug|Any CPU
		{CA9A0B1E-86DA-4C4E-876E-89E919285A8D}.Release|Any CPU.ActiveCfg = Release|Any CPU
		{CA9A0B1E-86DA-4C4E-876E-89E919285A8D}.Release|Any CPU.Build.0 = Release|Any CPU
		{66850596-4D8F-43BC-956C-F961AF8255A7}.Debug|Any CPU.ActiveCfg = Debug|Any CPU
		{66850596-4D8F-43BC-956C-F961AF8255A7}.Debug|Any CPU.Build.0 = Debug|Any CPU
		{66850596-4D8F-43BC-956C-F961AF8255A7}.Release|Any CPU.ActiveCfg = Release|Any CPU
		{66850596-4D8F-43BC-956C-F961AF8255A7}.Release|Any CPU.Build.0 = Release|Any CPU
		{A5D6DA97-49CC-4131-BD54-5D99A6751442}.Debug|Any CPU.ActiveCfg = Debug|Any CPU
		{A5D6DA97-49CC-4131-BD54-5D99A6751442}.Debug|Any CPU.Build.0 = Debug|Any CPU
		{A5D6DA97-49CC-4131-BD54-5D99A6751442}.Release|Any CPU.ActiveCfg = Release|Any CPU
		{A5D6DA97-49CC-4131-BD54-5D99A6751442}.Release|Any CPU.Build.0 = Release|Any CPU
		{37887E1D-F55F-45DE-BF44-407F9CAB039D}.Debug|Any CPU.ActiveCfg = Debug|Any CPU
		{37887E1D-F55F-45DE-BF44-407F9CAB039D}.Debug|Any CPU.Build.0 = Debug|Any CPU
		{37887E1D-F55F-45DE-BF44-407F9CAB039D}.Release|Any CPU.ActiveCfg = Release|Any CPU
		{37887E1D-F55F-45DE-BF44-407F9CAB039D}.Release|Any CPU.Build.0 = Release|Any CPU
	EndGlobalSection
	GlobalSection(SolutionProperties) = preSolution
		HideSolutionNode = FALSE
	EndGlobalSection
	GlobalSection(NestedProjects) = preSolution
		{003B1A8B-BDAE-42C2-B4BA-4CC8FC76B54C} = {C77F8566-049B-4980-B336-DD821C8371E4}
		{E58A14DB-452C-4BA8-956F-C7B318510AF5} = {C77F8566-049B-4980-B336-DD821C8371E4}
		{CC518D1C-7537-46CF-B970-41C39D1604F3} = {C77F8566-049B-4980-B336-DD821C8371E4}
		{800E457A-DB05-44B1-9BED-5E312BFF5042} = {C77F8566-049B-4980-B336-DD821C8371E4}
		{66850596-4D8F-43BC-956C-F961AF8255A7} = {C77F8566-049B-4980-B336-DD821C8371E4}
		{37887E1D-F55F-45DE-BF44-407F9CAB039D} = {C77F8566-049B-4980-B336-DD821C8371E4}
	EndGlobalSection
EndGlobal
