
Microsoft Visual Studio Solution File, Format Version 12.00
# Visual Studio 15
VisualStudioVersion = 15.0.26430.14
MinimumVisualStudioVersion = 10.0.40219.1
Project("{FAE04EC0-301F-11D3-BF4B-00C04F79EFBC}") = "Link", "Link\Link.csproj", "{99C9A376-9197-4226-B907-32E206015A73}"
EndProject
Project("{FAE04EC0-301F-11D3-BF4B-00C04F79EFBC}") = "List", "List\List.csproj", "{AE849758-A6B7-4AE0-AE55-F9D0355DC8B6}"
EndProject
Project("{2150E333-8FDC-42A3-9474-1A3956D46DE8}") = "Programs", "Programs", "{C77F8566-049B-4980-B336-DD821C8371E4}"
EndProject
Project("{FAE04EC0-301F-11D3-BF4B-00C04F79EFBC}") = "ListProgram", "ListProgram\ListProgram.csproj", "{003B1A8B-BDAE-42C2-B4BA-4CC8FC76B54C}"
EndProject
Project("{FAE04EC0-301F-11D3-BF4B-00C04F79EFBC}") = "Stack", "Stack\Stack.csproj", "{2C2CEBA5-1B1B-4789-BDF0-55B1FC646E8B}"
EndProject
Project("{FAE04EC0-301F-11D3-BF4B-00C04F79EFBC}") = "Hanoi", "Hanoi\Hanoi.csproj", "{E58A14DB-452C-4BA8-956F-C7B318510AF5}"
EndProject
Project("{FAE04EC0-301F-11D3-BF4B-00C04F79EFBC}") = "Queue", "Queue\Queue.csproj", "{04158B2F-ADA6-472D-B094-91173C57BA81}"
EndProject
Project("{FAE04EC0-301F-11D3-BF4B-00C04F79EFBC}") = "Dictionary", "Dictionary\Dictionary.csproj", "{BA4BAA7A-521E-4FF7-800F-EE3677E3CA60}"
EndProject
Project("{FAE04EC0-301F-11D3-BF4B-00C04F79EFBC}") = "BinarySearchTree", "BinarySearchTree\BinarySearchTree.csproj", "{E6C8A4D5-2A12-4DB9-84E9-F1392CFE1960}"
EndProject
Project("{FAE04EC0-301F-11D3-BF4B-00C04F79EFBC}") = "BinTreeTraversal", "BTreeTraversal\BinTreeTraversal.csproj", "{CC518D1C-7537-46CF-B970-41C39D1604F3}"
EndProject
Project("{FAE04EC0-301F-11D3-BF4B-00C04F79EFBC}") = "BST Operations", "BST Operations\BST Operations.csproj", "{800E457A-DB05-44B1-9BED-5E312BFF5042}"
EndProject
Project("{FAE04EC0-301F-11D3-BF4B-00C04F79EFBC}") = "Utilities", "Utilities\Utilities.csproj", "{3D1FEF57-8439-4BCD-BAA2-F567A0DFCB1A}"
EndProject
Project("{FAE04EC0-301F-11D3-BF4B-00C04F79EFBC}") = "Heap", "Heap\Heap.csproj", "{CA9A0B1E-86DA-4C4E-876E-89E919285A8D}"
EndProject
Project("{FAE04EC0-301F-11D3-BF4B-00C04F79EFBC}") = "Heap Operations", "Heap Operations\Heap Operations.csproj", "{66850596-4D8F-43BC-956C-F961AF8255A7}"
EndProject
Project("{FAE04EC0-301F-11D3-BF4B-00C04F79EFBC}") = "Huffman", "Huffman\Huffman.csproj", "{A5D6DA97-49CC-4131-BD54-5D99A6751442}"
EndProject
Project("{FAE04EC0-301F-11D3-BF4B-00C04F79EFBC}") = "Huffman Tree Construction", "Huffman Tree Construction\Huffman Tree Construction.csproj", "{37887E1D-F55F-45DE-BF44-407F9CAB039D}"
EndProject
Project("{FAE04EC0-301F-11D3-BF4B-00C04F79EFBC}") = "Trie", "Trie\Trie.csproj", "{799BC764-5036-48AC-954D-65D9F26D1B4E}"
EndProject
Project("{FAE04EC0-301F-11D3-BF4B-00C04F79EFBC}") = "TrieSearch", "TrieSearch\TrieSearch.csproj", "{39193951-1E68-4DD5-A03E-2DEC4326276B}"
EndProject
Project("{FAE04EC0-301F-11D3-BF4B-00C04F79EFBC}") = "AVL Tree", "AVL Tree\AVL Tree.csproj", "{B159F66F-5C4E-4D35-9EA0-2CA59184A931}"
EndProject
Project("{FAE04EC0-301F-11D3-BF4B-00C04F79EFBC}") = "AVL Operations", "AVL Operations\AVL Operations.csproj", "{9731EE1E-3292-4E9E-847F-0F0B599C465C}"
EndProject
Project("{FAE04EC0-301F-11D3-BF4B-00C04F79EFBC}") = "Splay Tree", "Splay Tree\Splay Tree.csproj", "{728D1ECA-A0F2-4E62-A76A-797785975F70}"
EndProject
Project("{FAE04EC0-301F-11D3-BF4B-00C04F79EFBC}") = "Splay Operations", "SplayOperations\Splay Operations.csproj", "{252B9B30-6DC5-4DBA-883E-68FB9133FD96}"
EndProject
Project("{2150E333-8FDC-42A3-9474-1A3956D46DE8}") = "Trees", "Trees", "{F332875F-2CA1-4BC8-BFCC-763AF5140149}"
EndProject
Project("{2150E333-8FDC-42A3-9474-1A3956D46DE8}") = "Basics", "Basics", "{0714A0F9-4722-4775-A3F2-9F8796C66BF5}"
EndProject
Project("{FAE04EC0-301F-11D3-BF4B-00C04F79EFBC}") = "Red Black Tree", "Red Black Tree\Red Black Tree.csproj", "{3DB6AB72-23B9-4FA9-AADA-30BDCF249A8D}"
EndProject
Project("{FAE04EC0-301F-11D3-BF4B-00C04F79EFBC}") = "RedBlack Operations", "RedBlack Operations\RedBlack Operations.csproj", "{DD92FFCF-C0F4-42F3-AAC5-7A4433ACBB96}"
EndProject
Project("{FAE04EC0-301F-11D3-BF4B-00C04F79EFBC}") = "New Red-Black Tree", "New Red-Black Tree\New Red-Black Tree.csproj", "{B8CF2F24-8FA7-4EAB-BDC8-075E593B8460}"
EndProject
Project("{FAE04EC0-301F-11D3-BF4B-00C04F79EFBC}") = "BTree", "BTree\BTree.csproj", "{4AE45A59-90E9-4DEC-B30F-86EF5205B687}"
EndProject
Project("{FAE04EC0-301F-11D3-BF4B-00C04F79EFBC}") = "BTree Operations", "BTree Operations\BTree Operations.csproj", "{EA504CB4-D6D2-4E23-9D93-068254BFDC3F}"
EndProject
Project("{2150E333-8FDC-42A3-9474-1A3956D46DE8}") = "Sorting", "Sorting", "{C761887C-5A63-4283-86E1-E3D6247FE005}"
EndProject
Project("{FAE04EC0-301F-11D3-BF4B-00C04F79EFBC}") = "Sorting", "Sorting\Sorting.csproj", "{6FC1BBD3-041E-40B7-BC62-8A3AEF8EDB38}"
EndProject
Project("{FAE04EC0-301F-11D3-BF4B-00C04F79EFBC}") = "HeapSort", "HeapSort\HeapSort.csproj", "{49DB4A7F-B53E-4802-8CD9-EA3CFA6B1B6E}"
EndProject
Project("{FAE04EC0-301F-11D3-BF4B-00C04F79EFBC}") = "RadixSort", "RadixSort\RadixSort.csproj", "{26E34ADC-8D08-4B05-BEF8-DFC733F412F5}"
EndProject
Project("{FAE04EC0-301F-11D3-BF4B-00C04F79EFBC}") = "QuickSort", "QuickSort\QuickSort.csproj", "{A450A632-06D7-41D3-A709-E698E83C7B31}"
EndProject
Project("{FAE04EC0-301F-11D3-BF4B-00C04F79EFBC}") = "ShellSort", "ShellSort\ShellSort.csproj", "{3128104C-195F-48C7-B4EE-1077161591B3}"
EndProject
Project("{FAE04EC0-301F-11D3-BF4B-00C04F79EFBC}") = "BubbleSort", "BubbleSort\BubbleSort.csproj", "{0B972B56-B4C0-4D45-AFF7-00CA65AF7B45}"
EndProject
Project("{FAE04EC0-301F-11D3-BF4B-00C04F79EFBC}") = "InsertionSort", "InsertionSort\InsertionSort.csproj", "{E4517CDB-5F0D-47E6-9774-098CB2C3E210}"
EndProject
Project("{FAE04EC0-301F-11D3-BF4B-00C04F79EFBC}") = "SelectionSort", "SelectionSort\SelectionSort.csproj", "{AA189300-F143-4BE2-AD83-5E3D9ADD0B7A}"
EndProject
Project("{FAE04EC0-301F-11D3-BF4B-00C04F79EFBC}") = "MergeSort", "MergeSort\MergeSort.csproj", "{F0362E66-48DA-491E-BA2B-65783EF35219}"
EndProject
Global
	GlobalSection(SolutionConfigurationPlatforms) = preSolution
		Debug|Any CPU = Debug|Any CPU
		Release|Any CPU = Release|Any CPU
	EndGlobalSection
	GlobalSection(ProjectConfigurationPlatforms) = postSolution
		{99C9A376-9197-4226-B907-32E206015A73}.Debug|Any CPU.ActiveCfg = Debug|Any CPU
		{99C9A376-9197-4226-B907-32E206015A73}.Debug|Any CPU.Build.0 = Debug|Any CPU
		{99C9A376-9197-4226-B907-32E206015A73}.Release|Any CPU.ActiveCfg = Release|Any CPU
		{99C9A376-9197-4226-B907-32E206015A73}.Release|Any CPU.Build.0 = Release|Any CPU
		{AE849758-A6B7-4AE0-AE55-F9D0355DC8B6}.Debug|Any CPU.ActiveCfg = Debug|Any CPU
		{AE849758-A6B7-4AE0-AE55-F9D0355DC8B6}.Debug|Any CPU.Build.0 = Debug|Any CPU
		{AE849758-A6B7-4AE0-AE55-F9D0355DC8B6}.Release|Any CPU.ActiveCfg = Release|Any CPU
		{AE849758-A6B7-4AE0-AE55-F9D0355DC8B6}.Release|Any CPU.Build.0 = Release|Any CPU
		{003B1A8B-BDAE-42C2-B4BA-4CC8FC76B54C}.Debug|Any CPU.ActiveCfg = Debug|Any CPU
		{003B1A8B-BDAE-42C2-B4BA-4CC8FC76B54C}.Debug|Any CPU.Build.0 = Debug|Any CPU
		{003B1A8B-BDAE-42C2-B4BA-4CC8FC76B54C}.Release|Any CPU.ActiveCfg = Release|Any CPU
		{003B1A8B-BDAE-42C2-B4BA-4CC8FC76B54C}.Release|Any CPU.Build.0 = Release|Any CPU
		{2C2CEBA5-1B1B-4789-BDF0-55B1FC646E8B}.Debug|Any CPU.ActiveCfg = Debug|Any CPU
		{2C2CEBA5-1B1B-4789-BDF0-55B1FC646E8B}.Debug|Any CPU.Build.0 = Debug|Any CPU
		{2C2CEBA5-1B1B-4789-BDF0-55B1FC646E8B}.Release|Any CPU.ActiveCfg = Release|Any CPU
		{2C2CEBA5-1B1B-4789-BDF0-55B1FC646E8B}.Release|Any CPU.Build.0 = Release|Any CPU
		{E58A14DB-452C-4BA8-956F-C7B318510AF5}.Debug|Any CPU.ActiveCfg = Debug|Any CPU
		{E58A14DB-452C-4BA8-956F-C7B318510AF5}.Debug|Any CPU.Build.0 = Debug|Any CPU
		{E58A14DB-452C-4BA8-956F-C7B318510AF5}.Release|Any CPU.ActiveCfg = Release|Any CPU
		{E58A14DB-452C-4BA8-956F-C7B318510AF5}.Release|Any CPU.Build.0 = Release|Any CPU
		{04158B2F-ADA6-472D-B094-91173C57BA81}.Debug|Any CPU.ActiveCfg = Debug|Any CPU
		{04158B2F-ADA6-472D-B094-91173C57BA81}.Debug|Any CPU.Build.0 = Debug|Any CPU
		{04158B2F-ADA6-472D-B094-91173C57BA81}.Release|Any CPU.ActiveCfg = Release|Any CPU
		{04158B2F-ADA6-472D-B094-91173C57BA81}.Release|Any CPU.Build.0 = Release|Any CPU
		{BA4BAA7A-521E-4FF7-800F-EE3677E3CA60}.Debug|Any CPU.ActiveCfg = Debug|Any CPU
		{BA4BAA7A-521E-4FF7-800F-EE3677E3CA60}.Debug|Any CPU.Build.0 = Debug|Any CPU
		{BA4BAA7A-521E-4FF7-800F-EE3677E3CA60}.Release|Any CPU.ActiveCfg = Release|Any CPU
		{BA4BAA7A-521E-4FF7-800F-EE3677E3CA60}.Release|Any CPU.Build.0 = Release|Any CPU
		{E6C8A4D5-2A12-4DB9-84E9-F1392CFE1960}.Debug|Any CPU.ActiveCfg = Debug|Any CPU
		{E6C8A4D5-2A12-4DB9-84E9-F1392CFE1960}.Debug|Any CPU.Build.0 = Debug|Any CPU
		{E6C8A4D5-2A12-4DB9-84E9-F1392CFE1960}.Release|Any CPU.ActiveCfg = Release|Any CPU
		{E6C8A4D5-2A12-4DB9-84E9-F1392CFE1960}.Release|Any CPU.Build.0 = Release|Any CPU
		{CC518D1C-7537-46CF-B970-41C39D1604F3}.Debug|Any CPU.ActiveCfg = Debug|Any CPU
		{CC518D1C-7537-46CF-B970-41C39D1604F3}.Debug|Any CPU.Build.0 = Debug|Any CPU
		{CC518D1C-7537-46CF-B970-41C39D1604F3}.Release|Any CPU.ActiveCfg = Release|Any CPU
		{CC518D1C-7537-46CF-B970-41C39D1604F3}.Release|Any CPU.Build.0 = Release|Any CPU
		{800E457A-DB05-44B1-9BED-5E312BFF5042}.Debug|Any CPU.ActiveCfg = Debug|Any CPU
		{800E457A-DB05-44B1-9BED-5E312BFF5042}.Debug|Any CPU.Build.0 = Debug|Any CPU
		{800E457A-DB05-44B1-9BED-5E312BFF5042}.Release|Any CPU.ActiveCfg = Release|Any CPU
		{800E457A-DB05-44B1-9BED-5E312BFF5042}.Release|Any CPU.Build.0 = Release|Any CPU
		{3D1FEF57-8439-4BCD-BAA2-F567A0DFCB1A}.Debug|Any CPU.ActiveCfg = Debug|Any CPU
		{3D1FEF57-8439-4BCD-BAA2-F567A0DFCB1A}.Debug|Any CPU.Build.0 = Debug|Any CPU
		{3D1FEF57-8439-4BCD-BAA2-F567A0DFCB1A}.Release|Any CPU.ActiveCfg = Release|Any CPU
		{3D1FEF57-8439-4BCD-BAA2-F567A0DFCB1A}.Release|Any CPU.Build.0 = Release|Any CPU
		{CA9A0B1E-86DA-4C4E-876E-89E919285A8D}.Debug|Any CPU.ActiveCfg = Debug|Any CPU
		{CA9A0B1E-86DA-4C4E-876E-89E919285A8D}.Debug|Any CPU.Build.0 = Debug|Any CPU
		{CA9A0B1E-86DA-4C4E-876E-89E919285A8D}.Release|Any CPU.ActiveCfg = Release|Any CPU
		{CA9A0B1E-86DA-4C4E-876E-89E919285A8D}.Release|Any CPU.Build.0 = Release|Any CPU
		{66850596-4D8F-43BC-956C-F961AF8255A7}.Debug|Any CPU.ActiveCfg = Debug|Any CPU
		{66850596-4D8F-43BC-956C-F961AF8255A7}.Debug|Any CPU.Build.0 = Debug|Any CPU
		{66850596-4D8F-43BC-956C-F961AF8255A7}.Release|Any CPU.ActiveCfg = Release|Any CPU
		{66850596-4D8F-43BC-956C-F961AF8255A7}.Release|Any CPU.Build.0 = Release|Any CPU
		{A5D6DA97-49CC-4131-BD54-5D99A6751442}.Debug|Any CPU.ActiveCfg = Debug|Any CPU
		{A5D6DA97-49CC-4131-BD54-5D99A6751442}.Debug|Any CPU.Build.0 = Debug|Any CPU
		{A5D6DA97-49CC-4131-BD54-5D99A6751442}.Release|Any CPU.ActiveCfg = Release|Any CPU
		{A5D6DA97-49CC-4131-BD54-5D99A6751442}.Release|Any CPU.Build.0 = Release|Any CPU
		{37887E1D-F55F-45DE-BF44-407F9CAB039D}.Debug|Any CPU.ActiveCfg = Debug|Any CPU
		{37887E1D-F55F-45DE-BF44-407F9CAB039D}.Debug|Any CPU.Build.0 = Debug|Any CPU
		{37887E1D-F55F-45DE-BF44-407F9CAB039D}.Release|Any CPU.ActiveCfg = Release|Any CPU
		{37887E1D-F55F-45DE-BF44-407F9CAB039D}.Release|Any CPU.Build.0 = Release|Any CPU
		{799BC764-5036-48AC-954D-65D9F26D1B4E}.Debug|Any CPU.ActiveCfg = Debug|Any CPU
		{799BC764-5036-48AC-954D-65D9F26D1B4E}.Debug|Any CPU.Build.0 = Debug|Any CPU
		{799BC764-5036-48AC-954D-65D9F26D1B4E}.Release|Any CPU.ActiveCfg = Release|Any CPU
		{799BC764-5036-48AC-954D-65D9F26D1B4E}.Release|Any CPU.Build.0 = Release|Any CPU
		{39193951-1E68-4DD5-A03E-2DEC4326276B}.Debug|Any CPU.ActiveCfg = Debug|Any CPU
		{39193951-1E68-4DD5-A03E-2DEC4326276B}.Debug|Any CPU.Build.0 = Debug|Any CPU
		{39193951-1E68-4DD5-A03E-2DEC4326276B}.Release|Any CPU.ActiveCfg = Release|Any CPU
		{39193951-1E68-4DD5-A03E-2DEC4326276B}.Release|Any CPU.Build.0 = Release|Any CPU
		{B159F66F-5C4E-4D35-9EA0-2CA59184A931}.Debug|Any CPU.ActiveCfg = Debug|Any CPU
		{B159F66F-5C4E-4D35-9EA0-2CA59184A931}.Debug|Any CPU.Build.0 = Debug|Any CPU
		{B159F66F-5C4E-4D35-9EA0-2CA59184A931}.Release|Any CPU.ActiveCfg = Release|Any CPU
		{B159F66F-5C4E-4D35-9EA0-2CA59184A931}.Release|Any CPU.Build.0 = Release|Any CPU
		{9731EE1E-3292-4E9E-847F-0F0B599C465C}.Debug|Any CPU.ActiveCfg = Debug|Any CPU
		{9731EE1E-3292-4E9E-847F-0F0B599C465C}.Debug|Any CPU.Build.0 = Debug|Any CPU
		{9731EE1E-3292-4E9E-847F-0F0B599C465C}.Release|Any CPU.ActiveCfg = Release|Any CPU
		{9731EE1E-3292-4E9E-847F-0F0B599C465C}.Release|Any CPU.Build.0 = Release|Any CPU
		{728D1ECA-A0F2-4E62-A76A-797785975F70}.Debug|Any CPU.ActiveCfg = Debug|Any CPU
		{728D1ECA-A0F2-4E62-A76A-797785975F70}.Debug|Any CPU.Build.0 = Debug|Any CPU
		{728D1ECA-A0F2-4E62-A76A-797785975F70}.Release|Any CPU.ActiveCfg = Release|Any CPU
		{728D1ECA-A0F2-4E62-A76A-797785975F70}.Release|Any CPU.Build.0 = Release|Any CPU
		{252B9B30-6DC5-4DBA-883E-68FB9133FD96}.Debug|Any CPU.ActiveCfg = Debug|Any CPU
		{252B9B30-6DC5-4DBA-883E-68FB9133FD96}.Debug|Any CPU.Build.0 = Debug|Any CPU
		{252B9B30-6DC5-4DBA-883E-68FB9133FD96}.Release|Any CPU.ActiveCfg = Release|Any CPU
		{252B9B30-6DC5-4DBA-883E-68FB9133FD96}.Release|Any CPU.Build.0 = Release|Any CPU
		{3DB6AB72-23B9-4FA9-AADA-30BDCF249A8D}.Debug|Any CPU.ActiveCfg = Debug|Any CPU
		{3DB6AB72-23B9-4FA9-AADA-30BDCF249A8D}.Debug|Any CPU.Build.0 = Debug|Any CPU
		{3DB6AB72-23B9-4FA9-AADA-30BDCF249A8D}.Release|Any CPU.ActiveCfg = Release|Any CPU
		{3DB6AB72-23B9-4FA9-AADA-30BDCF249A8D}.Release|Any CPU.Build.0 = Release|Any CPU
		{DD92FFCF-C0F4-42F3-AAC5-7A4433ACBB96}.Debug|Any CPU.ActiveCfg = Debug|Any CPU
		{DD92FFCF-C0F4-42F3-AAC5-7A4433ACBB96}.Debug|Any CPU.Build.0 = Debug|Any CPU
		{DD92FFCF-C0F4-42F3-AAC5-7A4433ACBB96}.Release|Any CPU.ActiveCfg = Release|Any CPU
		{DD92FFCF-C0F4-42F3-AAC5-7A4433ACBB96}.Release|Any CPU.Build.0 = Release|Any CPU
		{B8CF2F24-8FA7-4EAB-BDC8-075E593B8460}.Debug|Any CPU.ActiveCfg = Debug|Any CPU
		{B8CF2F24-8FA7-4EAB-BDC8-075E593B8460}.Debug|Any CPU.Build.0 = Debug|Any CPU
		{B8CF2F24-8FA7-4EAB-BDC8-075E593B8460}.Release|Any CPU.ActiveCfg = Release|Any CPU
		{B8CF2F24-8FA7-4EAB-BDC8-075E593B8460}.Release|Any CPU.Build.0 = Release|Any CPU
		{4AE45A59-90E9-4DEC-B30F-86EF5205B687}.Debug|Any CPU.ActiveCfg = Debug|Any CPU
		{4AE45A59-90E9-4DEC-B30F-86EF5205B687}.Debug|Any CPU.Build.0 = Debug|Any CPU
		{4AE45A59-90E9-4DEC-B30F-86EF5205B687}.Release|Any CPU.ActiveCfg = Release|Any CPU
		{4AE45A59-90E9-4DEC-B30F-86EF5205B687}.Release|Any CPU.Build.0 = Release|Any CPU
		{EA504CB4-D6D2-4E23-9D93-068254BFDC3F}.Debug|Any CPU.ActiveCfg = Debug|Any CPU
		{EA504CB4-D6D2-4E23-9D93-068254BFDC3F}.Debug|Any CPU.Build.0 = Debug|Any CPU
		{EA504CB4-D6D2-4E23-9D93-068254BFDC3F}.Release|Any CPU.ActiveCfg = Release|Any CPU
		{EA504CB4-D6D2-4E23-9D93-068254BFDC3F}.Release|Any CPU.Build.0 = Release|Any CPU
		{6FC1BBD3-041E-40B7-BC62-8A3AEF8EDB38}.Debug|Any CPU.ActiveCfg = Debug|Any CPU
		{6FC1BBD3-041E-40B7-BC62-8A3AEF8EDB38}.Debug|Any CPU.Build.0 = Debug|Any CPU
		{6FC1BBD3-041E-40B7-BC62-8A3AEF8EDB38}.Release|Any CPU.ActiveCfg = Release|Any CPU
		{6FC1BBD3-041E-40B7-BC62-8A3AEF8EDB38}.Release|Any CPU.Build.0 = Release|Any CPU
		{49DB4A7F-B53E-4802-8CD9-EA3CFA6B1B6E}.Debug|Any CPU.ActiveCfg = Debug|Any CPU
		{49DB4A7F-B53E-4802-8CD9-EA3CFA6B1B6E}.Debug|Any CPU.Build.0 = Debug|Any CPU
		{49DB4A7F-B53E-4802-8CD9-EA3CFA6B1B6E}.Release|Any CPU.ActiveCfg = Release|Any CPU
		{49DB4A7F-B53E-4802-8CD9-EA3CFA6B1B6E}.Release|Any CPU.Build.0 = Release|Any CPU
		{26E34ADC-8D08-4B05-BEF8-DFC733F412F5}.Debug|Any CPU.ActiveCfg = Debug|Any CPU
		{26E34ADC-8D08-4B05-BEF8-DFC733F412F5}.Debug|Any CPU.Build.0 = Debug|Any CPU
		{26E34ADC-8D08-4B05-BEF8-DFC733F412F5}.Release|Any CPU.ActiveCfg = Release|Any CPU
		{26E34ADC-8D08-4B05-BEF8-DFC733F412F5}.Release|Any CPU.Build.0 = Release|Any CPU
		{A450A632-06D7-41D3-A709-E698E83C7B31}.Debug|Any CPU.ActiveCfg = Debug|Any CPU
		{A450A632-06D7-41D3-A709-E698E83C7B31}.Debug|Any CPU.Build.0 = Debug|Any CPU
		{A450A632-06D7-41D3-A709-E698E83C7B31}.Release|Any CPU.ActiveCfg = Release|Any CPU
		{A450A632-06D7-41D3-A709-E698E83C7B31}.Release|Any CPU.Build.0 = Release|Any CPU
		{3128104C-195F-48C7-B4EE-1077161591B3}.Debug|Any CPU.ActiveCfg = Debug|Any CPU
		{3128104C-195F-48C7-B4EE-1077161591B3}.Debug|Any CPU.Build.0 = Debug|Any CPU
		{3128104C-195F-48C7-B4EE-1077161591B3}.Release|Any CPU.ActiveCfg = Release|Any CPU
		{3128104C-195F-48C7-B4EE-1077161591B3}.Release|Any CPU.Build.0 = Release|Any CPU
		{0B972B56-B4C0-4D45-AFF7-00CA65AF7B45}.Debug|Any CPU.ActiveCfg = Debug|Any CPU
		{0B972B56-B4C0-4D45-AFF7-00CA65AF7B45}.Debug|Any CPU.Build.0 = Debug|Any CPU
		{0B972B56-B4C0-4D45-AFF7-00CA65AF7B45}.Release|Any CPU.ActiveCfg = Release|Any CPU
		{0B972B56-B4C0-4D45-AFF7-00CA65AF7B45}.Release|Any CPU.Build.0 = Release|Any CPU
		{E4517CDB-5F0D-47E6-9774-098CB2C3E210}.Debug|Any CPU.ActiveCfg = Debug|Any CPU
		{E4517CDB-5F0D-47E6-9774-098CB2C3E210}.Debug|Any CPU.Build.0 = Debug|Any CPU
		{E4517CDB-5F0D-47E6-9774-098CB2C3E210}.Release|Any CPU.ActiveCfg = Release|Any CPU
		{E4517CDB-5F0D-47E6-9774-098CB2C3E210}.Release|Any CPU.Build.0 = Release|Any CPU
		{AA189300-F143-4BE2-AD83-5E3D9ADD0B7A}.Debug|Any CPU.ActiveCfg = Debug|Any CPU
		{AA189300-F143-4BE2-AD83-5E3D9ADD0B7A}.Debug|Any CPU.Build.0 = Debug|Any CPU
		{AA189300-F143-4BE2-AD83-5E3D9ADD0B7A}.Release|Any CPU.ActiveCfg = Release|Any CPU
		{AA189300-F143-4BE2-AD83-5E3D9ADD0B7A}.Release|Any CPU.Build.0 = Release|Any CPU
		{F0362E66-48DA-491E-BA2B-65783EF35219}.Debug|Any CPU.ActiveCfg = Debug|Any CPU
		{F0362E66-48DA-491E-BA2B-65783EF35219}.Debug|Any CPU.Build.0 = Debug|Any CPU
		{F0362E66-48DA-491E-BA2B-65783EF35219}.Release|Any CPU.ActiveCfg = Release|Any CPU
		{F0362E66-48DA-491E-BA2B-65783EF35219}.Release|Any CPU.Build.0 = Release|Any CPU
	EndGlobalSection
	GlobalSection(SolutionProperties) = preSolution
		HideSolutionNode = FALSE
	EndGlobalSection
	GlobalSection(NestedProjects) = preSolution
		{AE849758-A6B7-4AE0-AE55-F9D0355DC8B6} = {0714A0F9-4722-4775-A3F2-9F8796C66BF5}
		{003B1A8B-BDAE-42C2-B4BA-4CC8FC76B54C} = {C77F8566-049B-4980-B336-DD821C8371E4}
		{2C2CEBA5-1B1B-4789-BDF0-55B1FC646E8B} = {0714A0F9-4722-4775-A3F2-9F8796C66BF5}
		{E58A14DB-452C-4BA8-956F-C7B318510AF5} = {C77F8566-049B-4980-B336-DD821C8371E4}
		{04158B2F-ADA6-472D-B094-91173C57BA81} = {0714A0F9-4722-4775-A3F2-9F8796C66BF5}
		{BA4BAA7A-521E-4FF7-800F-EE3677E3CA60} = {0714A0F9-4722-4775-A3F2-9F8796C66BF5}
		{E6C8A4D5-2A12-4DB9-84E9-F1392CFE1960} = {F332875F-2CA1-4BC8-BFCC-763AF5140149}
		{CC518D1C-7537-46CF-B970-41C39D1604F3} = {C77F8566-049B-4980-B336-DD821C8371E4}
		{800E457A-DB05-44B1-9BED-5E312BFF5042} = {C77F8566-049B-4980-B336-DD821C8371E4}
		{CA9A0B1E-86DA-4C4E-876E-89E919285A8D} = {F332875F-2CA1-4BC8-BFCC-763AF5140149}
		{66850596-4D8F-43BC-956C-F961AF8255A7} = {C77F8566-049B-4980-B336-DD821C8371E4}
		{A5D6DA97-49CC-4131-BD54-5D99A6751442} = {F332875F-2CA1-4BC8-BFCC-763AF5140149}
		{37887E1D-F55F-45DE-BF44-407F9CAB039D} = {C77F8566-049B-4980-B336-DD821C8371E4}
		{799BC764-5036-48AC-954D-65D9F26D1B4E} = {F332875F-2CA1-4BC8-BFCC-763AF5140149}
		{39193951-1E68-4DD5-A03E-2DEC4326276B} = {C77F8566-049B-4980-B336-DD821C8371E4}
		{B159F66F-5C4E-4D35-9EA0-2CA59184A931} = {F332875F-2CA1-4BC8-BFCC-763AF5140149}
		{9731EE1E-3292-4E9E-847F-0F0B599C465C} = {C77F8566-049B-4980-B336-DD821C8371E4}
		{728D1ECA-A0F2-4E62-A76A-797785975F70} = {F332875F-2CA1-4BC8-BFCC-763AF5140149}
		{252B9B30-6DC5-4DBA-883E-68FB9133FD96} = {C77F8566-049B-4980-B336-DD821C8371E4}
		{3DB6AB72-23B9-4FA9-AADA-30BDCF249A8D} = {F332875F-2CA1-4BC8-BFCC-763AF5140149}
		{DD92FFCF-C0F4-42F3-AAC5-7A4433ACBB96} = {C77F8566-049B-4980-B336-DD821C8371E4}
		{B8CF2F24-8FA7-4EAB-BDC8-075E593B8460} = {F332875F-2CA1-4BC8-BFCC-763AF5140149}
		{4AE45A59-90E9-4DEC-B30F-86EF5205B687} = {F332875F-2CA1-4BC8-BFCC-763AF5140149}
		{EA504CB4-D6D2-4E23-9D93-068254BFDC3F} = {C77F8566-049B-4980-B336-DD821C8371E4}
		{6FC1BBD3-041E-40B7-BC62-8A3AEF8EDB38} = {C77F8566-049B-4980-B336-DD821C8371E4}
		{49DB4A7F-B53E-4802-8CD9-EA3CFA6B1B6E} = {C761887C-5A63-4283-86E1-E3D6247FE005}
		{26E34ADC-8D08-4B05-BEF8-DFC733F412F5} = {C761887C-5A63-4283-86E1-E3D6247FE005}
		{A450A632-06D7-41D3-A709-E698E83C7B31} = {C761887C-5A63-4283-86E1-E3D6247FE005}
		{3128104C-195F-48C7-B4EE-1077161591B3} = {C761887C-5A63-4283-86E1-E3D6247FE005}
		{0B972B56-B4C0-4D45-AFF7-00CA65AF7B45} = {C761887C-5A63-4283-86E1-E3D6247FE005}
		{E4517CDB-5F0D-47E6-9774-098CB2C3E210} = {C761887C-5A63-4283-86E1-E3D6247FE005}
		{AA189300-F143-4BE2-AD83-5E3D9ADD0B7A} = {C761887C-5A63-4283-86E1-E3D6247FE005}
		{F0362E66-48DA-491E-BA2B-65783EF35219} = {C761887C-5A63-4283-86E1-E3D6247FE005}
	EndGlobalSection
EndGlobal
